
Microsoft Visual Studio Solution File, Format Version 12.00
# Visual Studio Version 16
VisualStudioVersion = 16.0.30907.101
MinimumVisualStudioVersion = 10.0.40219.1
Project("{FAE04EC0-301F-11D3-BF4B-00C04F79EFBC}") = "DictionaryOdev", "DictionaryOdev.csproj", "{EA58BBB6-343C-47D9-A134-3288C62BF9B0}"
EndProject
Global
	GlobalSection(SolutionConfigurationPlatforms) = preSolution
		Debug|Any CPU = Debug|Any CPU
		Release|Any CPU = Release|Any CPU
	EndGlobalSection
	GlobalSection(ProjectConfigurationPlatforms) = postSolution
		{EA58BBB6-343C-47D9-A134-3288C62BF9B0}.Debug|Any CPU.ActiveCfg = Debug|Any CPU
		{EA58BBB6-343C-47D9-A134-3288C62BF9B0}.Debug|Any CPU.Build.0 = Debug|Any CPU
		{EA58BBB6-343C-47D9-A134-3288C62BF9B0}.Release|Any CPU.ActiveCfg = Release|Any CPU
		{EA58BBB6-343C-47D9-A134-3288C62BF9B0}.Release|Any CPU.Build.0 = Release|Any CPU
	EndGlobalSection
	GlobalSection(SolutionProperties) = preSolution
		HideSolutionNode = FALSE
	EndGlobalSection
	GlobalSection(ExtensibilityGlobals) = postSolution
		SolutionGuid = {FFD43705-12D5-45E6-AE3D-1F70E7D8BAFF}
	EndGlobalSection
EndGlobal
